{
  "name": "esp-theme-editor",
  "version": "3.0.0",
  "lockfileVersion": 2,
  "requires": true,
  "packages": {
    "": {
      "name": "esp-theme-editor",
      "version": "3.0.0",
      "dependencies": {
        "bootstrap": "5.0.0",
        "bootswatch": "3.4.1"
      }
    },
    "node_modules/@popperjs/core": {
      "version": "2.11.8",
      "resolved": "https://registry.npmjs.org/@popperjs/core/-/core-2.11.8.tgz",
      "integrity": "sha512-P1st0aksCrn9sGZhp8GMYwBnQsbvAWsZAX44oXNNvLHGqAOcoVxmjZiohstwQ7SqKnbR47akdNi+uleWD8+g6A==",
      "peer": true,
      "funding": {
        "type": "opencollective",
        "url": "https://opencollective.com/popperjs"
      }
    },
    "node_modules/bootstrap": {
      "version": "5.0.0",
      "resolved": "https://registry.npmjs.org/bootstrap/-/bootstrap-5.0.0.tgz",
      "integrity": "sha512-tmhPET9B9qCl8dCofvHeiIhi49iBt0EehmIsziZib65k1erBW1rHhj2s/2JsuQh5Pq+xz2E9bEbzp9B7xHG+VA==",
      "funding": {
        "type": "opencollective",
        "url": "https://opencollective.com/bootstrap"
      },
      "peerDependencies": {
        "@popperjs/core": "^2.9.2"
      }
    },
    "node_modules/bootswatch": {
      "version": "3.4.1",
      "resolved": "https://registry.npmjs.org/bootswatch/-/bootswatch-3.4.1.tgz",
      "integrity": "sha512-0hL4A8OUiqABgPipGrojf/hyhr5RS257xCNARlbK34HaMfhV5fXvwEooN4/ri9+jgX47J4Wg24ZPmfZ2xD2cKw==",
      "license": "MIT",
      "engines": {
        "node": ">= 0.10.0"
      }
    }
  },
  "dependencies": {
    "@popperjs/core": {
      "version": "2.11.8",
      "resolved": "https://registry.npmjs.org/@popperjs/core/-/core-2.11.8.tgz",
      "integrity": "sha512-P1st0aksCrn9sGZhp8GMYwBnQsbvAWsZAX44oXNNvLHGqAOcoVxmjZiohstwQ7SqKnbR47akdNi+uleWD8+g6A==",
      "peer": true
    },
    "bootstrap": {
      "version": "5.0.0",
      "resolved": "https://registry.npmjs.org/bootstrap/-/bootstrap-5.0.0.tgz",
      "integrity": "sha512-tmhPET9B9qCl8dCofvHeiIhi49iBt0EehmIsziZib65k1erBW1rHhj2s/2JsuQh5Pq+xz2E9bEbzp9B7xHG+VA==",
      "requires": {}
    },
    "bootswatch": {
      "version": "3.4.1",
      "resolved": "https://registry.npmjs.org/bootswatch/-/bootswatch-3.4.1.tgz",
      "integrity": "sha512-0hL4A8OUiqABgPipGrojf/hyhr5RS257xCNARlbK34HaMfhV5fXvwEooN4/ri9+jgX47J4Wg24ZPmfZ2xD2cKw=="
    }
  }
}
